// !$*UTF8*$!
{
	archiveVersion = 1;
	classes = {
	};
	objectVersion = 46;
	objects = {

/* Begin PBXBuildFile section */
		CBF63083178CAAB500D9B8F2 /* Automator.framework in Frameworks */ = {isa = PBXBuildFile; fileRef = CBF63082178CAAB500D9B8F2 /* Automator.framework */; };
		CBF63085178CAAB500D9B8F2 /* Cocoa.framework in Frameworks */ = {isa = PBXBuildFile; fileRef = CBF63084178CAAB500D9B8F2 /* Cocoa.framework */; };
		CBF6308F178CAAB500D9B8F2 /* InfoPlist.strings in Resources */ = {isa = PBXBuildFile; fileRef = CBF6308D178CAAB500D9B8F2 /* InfoPlist.strings */; };
		CBF63092178CAAB500D9B8F2 /* Open_Terminal_Here.m in Sources */ = {isa = PBXBuildFile; fileRef = CBF63091178CAAB500D9B8F2 /* Open_Terminal_Here.m */; };
		CBF63095178CAAB500D9B8F2 /* main.xib in Resources */ = {isa = PBXBuildFile; fileRef = CBF63093178CAAB500D9B8F2 /* main.xib */; };
/* End PBXBuildFile section */

/* Begin PBXFileReference section */
		CBF6307F178CAAB500D9B8F2 /* Open Terminal Here.action */ = {isa = PBXFileReference; explicitFileType = wrapper.cfbundle; includeInIndex = 0; path = "Open Terminal Here.action"; sourceTree = BUILT_PRODUCTS_DIR; };
		CBF63082178CAAB500D9B8F2 /* Automator.framework */ = {isa = PBXFileReference; lastKnownFileType = wrapper.framework; name = Automator.framework; path = System/Library/Frameworks/Automator.framework; sourceTree = SDKROOT; };
		CBF63084178CAAB500D9B8F2 /* Cocoa.framework */ = {isa = PBXFileReference; lastKnownFileType = wrapper.framework; name = Cocoa.framework; path = System/Library/Frameworks/Cocoa.framework; sourceTree = SDKROOT; };
		CBF63087178CAAB500D9B8F2 /* Foundation.framework */ = {isa = PBXFileReference; lastKnownFileType = wrapper.framework; name = Foundation.framework; path = System/Library/Frameworks/Foundation.framework; sourceTree = SDKROOT; };
		CBF63088178CAAB500D9B8F2 /* CoreData.framework */ = {isa = PBXFileReference; lastKnownFileType = wrapper.framework; name = CoreData.framework; path = System/Library/Frameworks/CoreData.framework; sourceTree = SDKROOT; };
		CBF63089178CAAB500D9B8F2 /* AppKit.framework */ = {isa = PBXFileReference; lastKnownFileType = wrapper.framework; name = AppKit.framework; path = System/Library/Frameworks/AppKit.framework; sourceTree = SDKROOT; };
		CBF6308C178CAAB500D9B8F2 /* Open Terminal Here-Info.plist */ = {isa = PBXFileReference; lastKnownFileType = text.plist.xml; path = "Open Terminal Here-Info.plist"; sourceTree = "<group>"; };
		CBF6308E178CAAB500D9B8F2 /* en */ = {isa = PBXFileReference; lastKnownFileType = text.plist.strings; name = en; path = en.lproj/InfoPlist.strings; sourceTree = "<group>"; };
		CBF63090178CAAB500D9B8F2 /* Open_Terminal_Here.h */ = {isa = PBXFileReference; lastKnownFileType = sourcecode.c.h; path = Open_Terminal_Here.h; sourceTree = "<group>"; };
		CBF63091178CAAB500D9B8F2 /* Open_Terminal_Here.m */ = {isa = PBXFileReference; lastKnownFileType = sourcecode.c.objc; path = Open_Terminal_Here.m; sourceTree = "<group>"; };
		CBF63094178CAAB500D9B8F2 /* Base */ = {isa = PBXFileReference; lastKnownFileType = file.xib; name = Base; path = Base.lproj/main.xib; sourceTree = "<group>"; };
		CBF63096178CAAB500D9B8F2 /* Open Terminal Here-Prefix.pch */ = {isa = PBXFileReference; lastKnownFileType = sourcecode.c.h; path = "Open Terminal Here-Prefix.pch"; sourceTree = "<group>"; };
/* End PBXFileReference section */

/* Begin PBXFrameworksBuildPhase section */
		CBF6307B178CAAB500D9B8F2 /* Frameworks */ = {
			isa = PBXFrameworksBuildPhase;
			buildActionMask = 2147483647;
			files = (
				CBF63085178CAAB500D9B8F2 /* Cocoa.framework in Frameworks */,
				CBF63083178CAAB500D9B8F2 /* Automator.framework in Frameworks */,
			);
			runOnlyForDeploymentPostprocessing = 0;
		};
/* End PBXFrameworksBuildPhase section */

/* Begin PBXGroup section */
		CBF63075178CAAB500D9B8F2 = {
			isa = PBXGroup;
			children = (
				CBF6308A178CAAB500D9B8F2 /* Open Terminal Here */,
				CBF63081178CAAB500D9B8F2 /* Frameworks */,
				CBF63080178CAAB500D9B8F2 /* Products */,
			);
			sourceTree = "<group>";
		};
		CBF63080178CAAB500D9B8F2 /* Products */ = {
			isa = PBXGroup;
			children = (
				CBF6307F178CAAB500D9B8F2 /* Open Terminal Here.action */,
			);
			name = Products;
			sourceTree = "<group>";
		};
		CBF63081178CAAB500D9B8F2 /* Frameworks */ = {
			isa = PBXGroup;
			children = (
				CBF63082178CAAB500D9B8F2 /* Automator.framework */,
				CBF63084178CAAB500D9B8F2 /* Cocoa.framework */,
				CBF63086178CAAB500D9B8F2 /* Other Frameworks */,
			);
			name = Frameworks;
			sourceTree = "<group>";
		};
		CBF63086178CAAB500D9B8F2 /* Other Frameworks */ = {
			isa = PBXGroup;
			children = (
				CBF63087178CAAB500D9B8F2 /* Foundation.framework */,
				CBF63088178CAAB500D9B8F2 /* CoreData.framework */,
				CBF63089178CAAB500D9B8F2 /* AppKit.framework */,
			);
			name = "Other Frameworks";
			sourceTree = "<group>";
		};
		CBF6308A178CAAB500D9B8F2 /* Open Terminal Here */ = {
			isa = PBXGroup;
			children = (
				CBF63090178CAAB500D9B8F2 /* Open_Terminal_Here.h */,
				CBF63091178CAAB500D9B8F2 /* Open_Terminal_Here.m */,
				CBF63093178CAAB500D9B8F2 /* main.xib */,
				CBF6308B178CAAB500D9B8F2 /* Supporting Files */,
			);
			path = "Open Terminal Here";
			sourceTree = "<group>";
		};
		CBF6308B178CAAB500D9B8F2 /* Supporting Files */ = {
			isa = PBXGroup;
			children = (
				CBF6308C178CAAB500D9B8F2 /* Open Terminal Here-Info.plist */,
				CBF6308D178CAAB500D9B8F2 /* InfoPlist.strings */,
				CBF63096178CAAB500D9B8F2 /* Open Terminal Here-Prefix.pch */,
			);
			name = "Supporting Files";
			sourceTree = "<group>";
		};
/* End PBXGroup section */

/* Begin PBXNativeTarget section */
		CBF6307E178CAAB500D9B8F2 /* Open Terminal Here */ = {
			isa = PBXNativeTarget;
			buildConfigurationList = CBF63099178CAAB500D9B8F2 /* Build configuration list for PBXNativeTarget "Open Terminal Here" */;
			buildPhases = (
				CBF6307A178CAAB500D9B8F2 /* Sources */,
				CBF6307B178CAAB500D9B8F2 /* Frameworks */,
				CBF6307C178CAAB500D9B8F2 /* Resources */,
				CBF6307D178CAAB500D9B8F2 /* ShellScript */,
			);
			buildRules = (
			);
			dependencies = (
			);
			name = "Open Terminal Here";
			productName = "Open Terminal Here";
			productReference = CBF6307F178CAAB500D9B8F2 /* Open Terminal Here.action */;
			productType = "com.apple.product-type.bundle";
		};
/* End PBXNativeTarget section */

/* Begin PBXProject section */
		CBF63076178CAAB500D9B8F2 /* Project object */ = {
			isa = PBXProject;
			attributes = {
				LastUpgradeCheck = 0500;
				ORGANIZATIONNAME = "Karl Moskowski";
			};
			buildConfigurationList = CBF63079178CAAB500D9B8F2 /* Build configuration list for PBXProject "Open Terminal Here" */;
			compatibilityVersion = "Xcode 3.2";
			developmentRegion = English;
			hasScannedForEncodings = 0;
			knownRegions = (
				en,
				Base,
			);
			mainGroup = CBF63075178CAAB500D9B8F2;
			productRefGroup = CBF63080178CAAB500D9B8F2 /* Products */;
			projectDirPath = "";
			projectRoot = "";
			targets = (
				CBF6307E178CAAB500D9B8F2 /* Open Terminal Here */,
			);
		};
/* End PBXProject section */

/* Begin PBXResourcesBuildPhase section */
		CBF6307C178CAAB500D9B8F2 /* Resources */ = {
			isa = PBXResourcesBuildPhase;
			buildActionMask = 2147483647;
			files = (
				CBF63095178CAAB500D9B8F2 /* main.xib in Resources */,
				CBF6308F178CAAB500D9B8F2 /* InfoPlist.strings in Resources */,
			);
			runOnlyForDeploymentPostprocessing = 0;
		};
/* End PBXResourcesBuildPhase section */

/* Begin PBXShellScriptBuildPhase section */
		CBF6307D178CAAB500D9B8F2 /* ShellScript */ = {
			isa = PBXShellScriptBuildPhase;
			buildActionMask = 2147483647;
			files = (
			);
			inputPaths = (
			);
			outputPaths = (
			);
			runOnlyForDeploymentPostprocessing = 0;
			shellPath = /bin/sh;
			shellScript = "amlint \"${BUILT_PRODUCTS_DIR}/${FULL_PRODUCT_NAME}\"";
		};
/* End PBXShellScriptBuildPhase section */

/* Begin PBXSourcesBuildPhase section */
		CBF6307A178CAAB500D9B8F2 /* Sources */ = {
			isa = PBXSourcesBuildPhase;
			buildActionMask = 2147483647;
			files = (
				CBF63092178CAAB500D9B8F2 /* Open_Terminal_Here.m in Sources */,
			);
			runOnlyForDeploymentPostprocessing = 0;
		};
/* End PBXSourcesBuildPhase section */

/* Begin PBXVariantGroup section */
		CBF6308D178CAAB500D9B8F2 /* InfoPlist.strings */ = {
			isa = PBXVariantGroup;
			children = (
				CBF6308E178CAAB500D9B8F2 /* en */,
			);
			name = InfoPlist.strings;
			sourceTree = "<group>";
		};
		CBF63093178CAAB500D9B8F2 /* main.xib */ = {
			isa = PBXVariantGroup;
			children = (
				CBF63094178CAAB500D9B8F2 /* Base */,
			);
			name = main.xib;
			sourceTree = "<group>";
		};
/* End PBXVariantGroup section */

/* Begin XCBuildConfiguration section */
		CBF63097178CAAB500D9B8F2 /* Debug */ = {
			isa = XCBuildConfiguration;
			buildSettings = {
				ALWAYS_SEARCH_USER_PATHS = NO;
				CLANG_CXX_LANGUAGE_STANDARD = "gnu++0x";
				CLANG_CXX_LIBRARY = "libc++";
				CLANG_ENABLE_MODULES = YES;
				CLANG_ENABLE_OBJC_ARC = YES;
				CLANG_WARN_BOOL_CONVERSION = YES;
				CLANG_WARN_CONSTANT_CONVERSION = YES;
				CLANG_WARN_DIRECT_OBJC_ISA_USAGE = YES_ERROR;
				CLANG_WARN_EMPTY_BODY = YES;
				CLANG_WARN_ENUM_CONVERSION = YES;
				CLANG_WARN_INT_CONVERSION = YES;
				CLANG_WARN_OBJC_ROOT_CLASS = YES_ERROR;
				CLANG_WARN__DUPLICATE_METHOD_MATCH = YES;
				COPY_PHASE_STRIP = NO;
				GCC_C_LANGUAGE_STANDARD = gnu99;
				GCC_DYNAMIC_NO_PIC = NO;
				GCC_ENABLE_OBJC_EXCEPTIONS = YES;
				GCC_OPTIMIZATION_LEVEL = 0;
				GCC_PREPROCESSOR_DEFINITIONS = (
					"DEBUG=1",
					"$(inherited)",
				);
				GCC_SYMBOLS_PRIVATE_EXTERN = NO;
				GCC_WARN_64_TO_32_BIT_CONVERSION = YES;
				GCC_WARN_ABOUT_RETURN_TYPE = YES_ERROR;
				GCC_WARN_UNDECLARED_SELECTOR = YES;
				GCC_WARN_UNINITIALIZED_AUTOS = YES;
				GCC_WARN_UNUSED_FUNCTION = YES;
				GCC_WARN_UNUSED_VARIABLE = YES;
				MACOSX_DEPLOYMENT_TARGET = 10.9;
				ONLY_ACTIVE_ARCH = YES;
				SDKROOT = macosx;
			};
			name = Debug;
		};
		CBF63098178CAAB500D9B8F2 /* Release */ = {
			isa = XCBuildConfiguration;
			buildSettings = {
				ALWAYS_SEARCH_USER_PATHS = NO;
				CLANG_CXX_LANGUAGE_STANDARD = "gnu++0x";
				CLANG_CXX_LIBRARY = "libc++";
				CLANG_ENABLE_MODULES = YES;
				CLANG_ENABLE_OBJC_ARC = YES;
				CLANG_WARN_BOOL_CONVERSION = YES;
				CLANG_WARN_CONSTANT_CONVERSION = YES;
				CLANG_WARN_DIRECT_OBJC_ISA_USAGE = YES_ERROR;
				CLANG_WARN_EMPTY_BODY = YES;
				CLANG_WARN_ENUM_CONVERSION = YES;
				CLANG_WARN_INT_CONVERSION = YES;
				CLANG_WARN_OBJC_ROOT_CLASS = YES_ERROR;
				CLANG_WARN__DUPLICATE_METHOD_MATCH = YES;
				COPY_PHASE_STRIP = YES;
				DEBUG_INFORMATION_FORMAT = "dwarf-with-dsym";
				ENABLE_NS_ASSERTIONS = NO;
				GCC_C_LANGUAGE_STANDARD = gnu99;
				GCC_ENABLE_OBJC_EXCEPTIONS = YES;
				GCC_WARN_64_TO_32_BIT_CONVERSION = YES;
				GCC_WARN_ABOUT_RETURN_TYPE = YES_ERROR;
				GCC_WARN_UNDECLARED_SELECTOR = YES;
				GCC_WARN_UNINITIALIZED_AUTOS = YES;
				GCC_WARN_UNUSED_FUNCTION = YES;
				GCC_WARN_UNUSED_VARIABLE = YES;
				MACOSX_DEPLOYMENT_TARGET = 10.9;
				SDKROOT = macosx;
			};
			name = Release;
		};
		CBF6309A178CAAB500D9B8F2 /* Debug */ = {
			isa = XCBuildConfiguration;
			buildSettings = {
				COMBINE_HIDPI_IMAGES = YES;
				GCC_PRECOMPILE_PREFIX_HEADER = YES;
				GCC_PREFIX_HEADER = "Open Terminal Here/Open Terminal Here-Prefix.pch";
				INFOPLIST_FILE = "Open Terminal Here/Open Terminal Here-Info.plist";
				INSTALL_PATH = "$(HOME)/Library/Automator";
				OTHER_OSAFLAGS = "-x -t 0 -c 0";
				PRODUCT_NAME = "$(TARGET_NAME)";
				WRAPPER_EXTENSION = action;
			};
			name = Debug;
		};
		CBF6309B178CAAB500D9B8F2 /* Release */ = {
			isa = XCBuildConfiguration;
			buildSettings = {
				COMBINE_HIDPI_IMAGES = YES;
				GCC_PRECOMPILE_PREFIX_HEADER = YES;
				GCC_PREFIX_HEADER = "Open Terminal Here/Open Terminal Here-Prefix.pch";
				INFOPLIST_FILE = "Open Terminal Here/Open Terminal Here-Info.plist";
				INSTALL_PATH = "$(HOME)/Library/Automator";
				OTHER_OSAFLAGS = "-x -t 0 -c 0";
				PRODUCT_NAME = "$(TARGET_NAME)";
				WRAPPER_EXTENSION = action;
			};
			name = Release;
		};
/* End XCBuildConfiguration section */

/* Begin XCConfigurationList section */
		CBF63079178CAAB500D9B8F2 /* Build configuration list for PBXProject "Open Terminal Here" */ = {
			isa = XCConfigurationList;
			buildConfigurations = (
				CBF63097178CAAB500D9B8F2 /* Debug */,
				CBF63098178CAAB500D9B8F2 /* Release */,
			);
			defaultConfigurationIsVisible = 0;
			defaultConfigurationName = Release;
		};
		CBF63099178CAAB500D9B8F2 /* Build configuration list for PBXNativeTarget "Open Terminal Here" */ = {
			isa = XCConfigurationList;
			buildConfigurations = (
				CBF6309A178CAAB500D9B8F2 /* Debug */,
				CBF6309B178CAAB500D9B8F2 /* Release */,
			);
			defaultConfigurationIsVisible = 0;
		};
/* End XCConfigurationList section */
	};
	rootObject = CBF63076178CAAB500D9B8F2 /* Project object */;
}
